
Microsoft Visual Studio Solution File, Format Version 12.00
# Visual Studio Version 17
VisualStudioVersion = 17.9.34728.123
MinimumVisualStudioVersion = 10.0.40219.1
Project("{9A19103F-16F7-4668-BE54-9A1E7A4F7556}") = "CancellationToken.Client", "CancellationToken.Client\CancellationToken.Client.csproj", "{A7687699-F3C4-42F5-80C3-C18C484434DB}"
EndProject
Project("{9A19103F-16F7-4668-BE54-9A1E7A4F7556}") = "CancellationToken.API", "CancellationToken.API\CancellationToken.API.csproj", "{60EA2483-715B-4DF9-B91D-1682BD284935}"
EndProject
Project("{FAE04EC0-301F-11D3-BF4B-00C04F79EFBC}") = "CancellationToken.Shared", "CancellationToken.Shared\CancellationToken.Shared.csproj", "{0A830B37-85D7-40B9-AAEC-34B21CB1C764}"
EndProject
Global
	GlobalSection(SolutionConfigurationPlatforms) = preSolution
		Debug|Any CPU = Debug|Any CPU
		Release|Any CPU = Release|Any CPU
	EndGlobalSection
	GlobalSection(ProjectConfigurationPlatforms) = postSolution
		{A7687699-F3C4-42F5-80C3-C18C484434DB}.Debug|Any CPU.ActiveCfg = Debug|Any CPU
		{A7687699-F3C4-42F5-80C3-C18C484434DB}.Debug|Any CPU.Build.0 = Debug|Any CPU
		{A7687699-F3C4-42F5-80C3-C18C484434DB}.Release|Any CPU.ActiveCfg = Release|Any CPU
		{A7687699-F3C4-42F5-80C3-C18C484434DB}.Release|Any CPU.Build.0 = Release|Any CPU
		{60EA2483-715B-4DF9-B91D-1682BD284935}.Debug|Any CPU.ActiveCfg = Debug|Any CPU
		{60EA2483-715B-4DF9-B91D-1682BD284935}.Debug|Any CPU.Build.0 = Debug|Any CPU
		{60EA2483-715B-4DF9-B91D-1682BD284935}.Release|Any CPU.ActiveCfg = Release|Any CPU
		{60EA2483-715B-4DF9-B91D-1682BD284935}.Release|Any CPU.Build.0 = Release|Any CPU
		{0A830B37-85D7-40B9-AAEC-34B21CB1C764}.Debug|Any CPU.ActiveCfg = Debug|Any CPU
		{0A830B37-85D7-40B9-AAEC-34B21CB1C764}.Debug|Any CPU.Build.0 = Debug|Any CPU
		{0A830B37-85D7-40B9-AAEC-34B21CB1C764}.Release|Any CPU.ActiveCfg = Release|Any CPU
		{0A830B37-85D7-40B9-AAEC-34B21CB1C764}.Release|Any CPU.Build.0 = Release|Any CPU
	EndGlobalSection
	GlobalSection(SolutionProperties) = preSolution
		HideSolutionNode = FALSE
	EndGlobalSection
	GlobalSection(ExtensibilityGlobals) = postSolution
		SolutionGuid = {2D157B0C-EB87-4659-A8C4-B0C67107CFEE}
	EndGlobalSection
EndGlobal
